
Microsoft Visual Studio Solution File, Format Version 12.00
# Visual Studio Version 17
VisualStudioVersion = 17.0.31903.59
MinimumVisualStudioVersion = 10.0.40219.1
Project("{FAE04EC0-301F-11D3-BF4B-00C04F79EFBC}") = "Lightship.Core", "Core\Lightship.Core.csproj", "{7C1E4B2A-5D3F-4A11-9B8E-2F6C0D1A3E01}"
EndProject
Project("{FAE04EC0-301F-11D3-BF4B-00C04F79EFBC}") = "Lightship.Core.Tests", "Core.Tests\Lightship.Core.Tests.csproj", "{7C1E4B2A-5D3F-4A11-9B8E-2F6C0D1A3E02}"
EndProject
Project("{2150E333-8FDC-42A3-9474-1A3956D46DE8}") = "Tools", "Tools", "{7C1E4B2A-5D3F-4A11-9B8E-2F6C0D1A3E03}"
EndProject
Project("{FAE04EC0-301F-11D3-BF4B-00C04F79EFBC}") = "Headless", "Tools\Headless\Headless.csproj", "{7C1E4B2A-5D3F-4A11-9B8E-2F6C0D1A3E04}"
EndProject
Project("{FAE04EC0-301F-11D3-BF4B-00C04F79EFBC}") = "Lightship.Godot", "GodotProject\Lightship.Godot.csproj", "{7C1E4B2A-5D3F-4A11-9B8E-2F6C0D1A3E05}"
EndProject
Global
	GlobalSection(SolutionConfigurationPlatforms) = preSolution
		Debug|Any CPU = Debug|Any CPU
		Release|Any CPU = Release|Any CPU
	EndGlobalSection
	GlobalSection(SolutionProperties) = preSolution
		HideSolutionNode = FALSE
	EndGlobalSection
	GlobalSection(ProjectConfigurationPlatforms) = postSolution
		{7C1E4B2A-5D3F-4A11-9B8E-2F6C0D1A3E01}.Debug|Any CPU.ActiveCfg = Debug|Any CPU
		{7C1E4B2A-5D3F-4A11-9B8E-2F6C0D1A3E01}.Debug|Any CPU.Build.0 = Debug|Any CPU
		{7C1E4B2A-5D3F-4A11-9B8E-2F6C0D1A3E01}.Release|Any CPU.ActiveCfg = Release|Any CPU
		{7C1E4B2A-5D3F-4A11-9B8E-2F6C0D1A3E01}.Release|Any CPU.Build.0 = Release|Any CPU
		{7C1E4B2A-5D3F-4A11-9B8E-2F6C0D1A3E02}.Debug|Any CPU.ActiveCfg = Debug|Any CPU
		{7C1E4B2A-5D3F-4A11-9B8E-2F6C0D1A3E02}.Debug|Any CPU.Build.0 = Debug|Any CPU
		{7C1E4B2A-5D3F-4A11-9B8E-2F6C0D1A3E02}.Release|Any CPU.ActiveCfg = Release|Any CPU
		{7C1E4B2A-5D3F-4A11-9B8E-2F6C0D1A3E02}.Release|Any CPU.Build.0 = Release|Any CPU
		{7C1E4B2A-5D3F-4A11-9B8E-2F6C0D1A3E04}.Debug|Any CPU.ActiveCfg = Debug|Any CPU
		{7C1E4B2A-5D3F-4A11-9B8E-2F6C0D1A3E04}.Debug|Any CPU.Build.0 = Debug|Any CPU
		{7C1E4B2A-5D3F-4A11-9B8E-2F6C0D1A3E04}.Release|Any CPU.ActiveCfg = Release|Any CPU
		{7C1E4B2A-5D3F-4A11-9B8E-2F6C0D1A3E04}.Release|Any CPU.Build.0 = Release|Any CPU
		{7C1E4B2A-5D3F-4A11-9B8E-2F6C0D1A3E05}.Debug|Any CPU.ActiveCfg = Debug|Any CPU
		{7C1E4B2A-5D3F-4A11-9B8E-2F6C0D1A3E05}.Debug|Any CPU.Build.0 = Debug|Any CPU
		{7C1E4B2A-5D3F-4A11-9B8E-2F6C0D1A3E05}.Release|Any CPU.ActiveCfg = Release|Any CPU
		{7C1E4B2A-5D3F-4A11-9B8E-2F6C0D1A3E05}.Release|Any CPU.Build.0 = Release|Any CPU
	EndGlobalSection
	GlobalSection(NestedProjects) = preSolution
		{7C1E4B2A-5D3F-4A11-9B8E-2F6C0D1A3E04} = {7C1E4B2A-5D3F-4A11-9B8E-2F6C0D1A3E03}
	EndGlobalSection
EndGlobal
